
Microsoft Visual Studio Solution File, Format Version 12.00
# Visual Studio 15
VisualStudioVersion = 15.0.26228.9
MinimumVisualStudioVersion = 10.0.40219.1
Project("{2150E333-8FDC-42A3-9474-1A3956D46DE8}") = "src", "src", "{AFAA0841-BD93-466F-B8F4-FB4EEC86F1FC}"
EndProject
Project("{2150E333-8FDC-42A3-9474-1A3956D46DE8}") = "test", "test", "{F10AA149-2626-486E-85BB-9CD5365F3016}"
EndProject
Project("{9A19103F-16F7-4668-BE54-9A1E7A4F7556}") = "TicketCode.Application", "src\TicketCode.Application\TicketCode.Application.csproj", "{3870C648-4AEA-4B85-BA3F-F2F63B96136A}"
EndProject
Project("{9A19103F-16F7-4668-BE54-9A1E7A4F7556}") = "TicketCode.Web.Core", "src\TicketCode.Web.Core\TicketCode.Web.Core.csproj", "{22CFE0D2-8DCA-42D7-AD7D-784C3862493F}"
EndProject
Project("{9A19103F-16F7-4668-BE54-9A1E7A4F7556}") = "TicketCode.EntityFrameworkCore", "src\TicketCode.EntityFrameworkCore\TicketCode.EntityFrameworkCore.csproj", "{E0580562-F8F2-4EBB-B07A-ABFC6F2C314F}"
EndProject
Project("{9A19103F-16F7-4668-BE54-9A1E7A4F7556}") = "MVC", "MVC\MVC.csproj", "{8C0117D0-E3F4-42FE-B905-27F13B8E9C86}"
EndProject
Project("{9A19103F-16F7-4668-BE54-9A1E7A4F7556}") = "Extension.Util", "Extension.Util\Extension.Util.csproj", "{633D9071-ECF0-4BF5-A4D3-D3B794AF1FEF}"
EndProject
Project("{9A19103F-16F7-4668-BE54-9A1E7A4F7556}") = "WebAPI.ORM", "WebAPI.ORM\WebAPI.ORM.csproj", "{81005F9D-27D2-44A3-8A09-698E0C4C4E1C}"
EndProject
Project("{9A19103F-16F7-4668-BE54-9A1E7A4F7556}") = "WebAPI", "WebAPI\WebAPI.csproj", "{DDE6CE9D-5D01-455A-B24C-F138845AF07C}"
EndProject
Project("{9A19103F-16F7-4668-BE54-9A1E7A4F7556}") = "TicketCode.Helper", "TicketCode.Helper\TicketCode.Helper.csproj", "{27DF6E4D-D0F3-4D07-B514-A507EEF9CDE6}"
EndProject
Project("{FAE04EC0-301F-11D3-BF4B-00C04F79EFBC}") = "GiftCard.BLL", "GiftCard.BLL\GiftCard.BLL.csproj", "{510A251A-C3E0-4D33-96F0-0DBB48722AA1}"
EndProject
Project("{FAE04EC0-301F-11D3-BF4B-00C04F79EFBC}") = "GiftCard.Web", "GiftCard.Web\GiftCard.Web.csproj", "{BB8FDE0C-FF77-4263-BA66-2FBB7EA604BB}"
EndProject
Global
	GlobalSection(SolutionConfigurationPlatforms) = preSolution
		Debug|Any CPU = Debug|Any CPU
		Release|Any CPU = Release|Any CPU
	EndGlobalSection
	GlobalSection(ProjectConfigurationPlatforms) = postSolution
		{3870C648-4AEA-4B85-BA3F-F2F63B96136A}.Debug|Any CPU.ActiveCfg = Debug|Any CPU
		{3870C648-4AEA-4B85-BA3F-F2F63B96136A}.Debug|Any CPU.Build.0 = Debug|Any CPU
		{3870C648-4AEA-4B85-BA3F-F2F63B96136A}.Release|Any CPU.ActiveCfg = Release|Any CPU
		{3870C648-4AEA-4B85-BA3F-F2F63B96136A}.Release|Any CPU.Build.0 = Release|Any CPU
		{22CFE0D2-8DCA-42D7-AD7D-784C3862493F}.Debug|Any CPU.ActiveCfg = Debug|Any CPU
		{22CFE0D2-8DCA-42D7-AD7D-784C3862493F}.Debug|Any CPU.Build.0 = Debug|Any CPU
		{22CFE0D2-8DCA-42D7-AD7D-784C3862493F}.Release|Any CPU.ActiveCfg = Release|Any CPU
		{22CFE0D2-8DCA-42D7-AD7D-784C3862493F}.Release|Any CPU.Build.0 = Release|Any CPU
		{E0580562-F8F2-4EBB-B07A-ABFC6F2C314F}.Debug|Any CPU.ActiveCfg = Debug|Any CPU
		{E0580562-F8F2-4EBB-B07A-ABFC6F2C314F}.Debug|Any CPU.Build.0 = Debug|Any CPU
		{E0580562-F8F2-4EBB-B07A-ABFC6F2C314F}.Release|Any CPU.ActiveCfg = Release|Any CPU
		{E0580562-F8F2-4EBB-B07A-ABFC6F2C314F}.Release|Any CPU.Build.0 = Release|Any CPU
		{8C0117D0-E3F4-42FE-B905-27F13B8E9C86}.Debug|Any CPU.ActiveCfg = Debug|Any CPU
		{8C0117D0-E3F4-42FE-B905-27F13B8E9C86}.Debug|Any CPU.Build.0 = Debug|Any CPU
		{8C0117D0-E3F4-42FE-B905-27F13B8E9C86}.Release|Any CPU.ActiveCfg = Release|Any CPU
		{8C0117D0-E3F4-42FE-B905-27F13B8E9C86}.Release|Any CPU.Build.0 = Release|Any CPU
		{633D9071-ECF0-4BF5-A4D3-D3B794AF1FEF}.Debug|Any CPU.ActiveCfg = Debug|Any CPU
		{633D9071-ECF0-4BF5-A4D3-D3B794AF1FEF}.Debug|Any CPU.Build.0 = Debug|Any CPU
		{633D9071-ECF0-4BF5-A4D3-D3B794AF1FEF}.Release|Any CPU.ActiveCfg = Release|Any CPU
		{633D9071-ECF0-4BF5-A4D3-D3B794AF1FEF}.Release|Any CPU.Build.0 = Release|Any CPU
		{81005F9D-27D2-44A3-8A09-698E0C4C4E1C}.Debug|Any CPU.ActiveCfg = Debug|Any CPU
		{81005F9D-27D2-44A3-8A09-698E0C4C4E1C}.Debug|Any CPU.Build.0 = Debug|Any CPU
		{81005F9D-27D2-44A3-8A09-698E0C4C4E1C}.Release|Any CPU.ActiveCfg = Release|Any CPU
		{81005F9D-27D2-44A3-8A09-698E0C4C4E1C}.Release|Any CPU.Build.0 = Release|Any CPU
		{DDE6CE9D-5D01-455A-B24C-F138845AF07C}.Debug|Any CPU.ActiveCfg = Debug|Any CPU
		{DDE6CE9D-5D01-455A-B24C-F138845AF07C}.Debug|Any CPU.Build.0 = Debug|Any CPU
		{DDE6CE9D-5D01-455A-B24C-F138845AF07C}.Release|Any CPU.ActiveCfg = Release|Any CPU
		{DDE6CE9D-5D01-455A-B24C-F138845AF07C}.Release|Any CPU.Build.0 = Release|Any CPU
		{27DF6E4D-D0F3-4D07-B514-A507EEF9CDE6}.Debug|Any CPU.ActiveCfg = Debug|Any CPU
		{27DF6E4D-D0F3-4D07-B514-A507EEF9CDE6}.Debug|Any CPU.Build.0 = Debug|Any CPU
		{27DF6E4D-D0F3-4D07-B514-A507EEF9CDE6}.Release|Any CPU.ActiveCfg = Release|Any CPU
		{27DF6E4D-D0F3-4D07-B514-A507EEF9CDE6}.Release|Any CPU.Build.0 = Release|Any CPU
		{510A251A-C3E0-4D33-96F0-0DBB48722AA1}.Debug|Any CPU.ActiveCfg = Debug|Any CPU
		{510A251A-C3E0-4D33-96F0-0DBB48722AA1}.Debug|Any CPU.Build.0 = Debug|Any CPU
		{510A251A-C3E0-4D33-96F0-0DBB48722AA1}.Release|Any CPU.ActiveCfg = Release|Any CPU
		{510A251A-C3E0-4D33-96F0-0DBB48722AA1}.Release|Any CPU.Build.0 = Release|Any CPU
		{BB8FDE0C-FF77-4263-BA66-2FBB7EA604BB}.Debug|Any CPU.ActiveCfg = Debug|Any CPU
		{BB8FDE0C-FF77-4263-BA66-2FBB7EA604BB}.Debug|Any CPU.Build.0 = Debug|Any CPU
		{BB8FDE0C-FF77-4263-BA66-2FBB7EA604BB}.Release|Any CPU.ActiveCfg = Release|Any CPU
		{BB8FDE0C-FF77-4263-BA66-2FBB7EA604BB}.Release|Any CPU.Build.0 = Release|Any CPU
	EndGlobalSection
	GlobalSection(SolutionProperties) = preSolution
		HideSolutionNode = FALSE
	EndGlobalSection
	GlobalSection(NestedProjects) = preSolution
		{3870C648-4AEA-4B85-BA3F-F2F63B96136A} = {AFAA0841-BD93-466F-B8F4-FB4EEC86F1FC}
		{22CFE0D2-8DCA-42D7-AD7D-784C3862493F} = {AFAA0841-BD93-466F-B8F4-FB4EEC86F1FC}
		{E0580562-F8F2-4EBB-B07A-ABFC6F2C314F} = {AFAA0841-BD93-466F-B8F4-FB4EEC86F1FC}
		{8C0117D0-E3F4-42FE-B905-27F13B8E9C86} = {AFAA0841-BD93-466F-B8F4-FB4EEC86F1FC}
		{633D9071-ECF0-4BF5-A4D3-D3B794AF1FEF} = {AFAA0841-BD93-466F-B8F4-FB4EEC86F1FC}
		{DDE6CE9D-5D01-455A-B24C-F138845AF07C} = {AFAA0841-BD93-466F-B8F4-FB4EEC86F1FC}
		{27DF6E4D-D0F3-4D07-B514-A507EEF9CDE6} = {AFAA0841-BD93-466F-B8F4-FB4EEC86F1FC}
		{510A251A-C3E0-4D33-96F0-0DBB48722AA1} = {AFAA0841-BD93-466F-B8F4-FB4EEC86F1FC}
		{BB8FDE0C-FF77-4263-BA66-2FBB7EA604BB} = {AFAA0841-BD93-466F-B8F4-FB4EEC86F1FC}
	EndGlobalSection
	GlobalSection(ExtensibilityGlobals) = postSolution
		SolutionGuid = {19936941-7C76-4F20-9470-18022B140A14}
	EndGlobalSection
EndGlobal
